
Microsoft Visual Studio Solution File, Format Version 12.00
# Visual Studio Version 17
VisualStudioVersion = 17.13.35931.197 d17.13
MinimumVisualStudioVersion = 10.0.40219.1
Project("{FAE04EC0-301F-11D3-BF4B-00C04F79EFBC}") = "Solution", "Solution.csproj", "{27756CB1-5A81-4898-8868-6F96776BDE5A}"
EndProject
Global
	GlobalSection(SolutionConfigurationPlatforms) = preSolution
		Debug|Any CPU = Debug|Any CPU
		Release|Any CPU = Release|Any CPU
	EndGlobalSection
	GlobalSection(ProjectConfigurationPlatforms) = postSolution
		{27756CB1-5A81-4898-8868-6F96776BDE5A}.Debug|Any CPU.ActiveCfg = Debug|Any CPU
		{27756CB1-5A81-4898-8868-6F96776BDE5A}.Debug|Any CPU.Build.0 = Debug|Any CPU
		{27756CB1-5A81-4898-8868-6F96776BDE5A}.Release|Any CPU.ActiveCfg = Release|Any CPU
		{27756CB1-5A81-4898-8868-6F96776BDE5A}.Release|Any CPU.Build.0 = Release|Any CPU
	EndGlobalSection
	GlobalSection(SolutionProperties) = preSolution
		HideSolutionNode = FALSE
	EndGlobalSection
	GlobalSection(ExtensibilityGlobals) = postSolution
		SolutionGuid = {387B5197-BE19-4C1D-9BC1-D441DEF1E368}
	EndGlobalSection
EndGlobal
