
Microsoft Visual Studio Solution File, Format Version 12.00
# Visual Studio Version 18
VisualStudioVersion = 18.9.12120.119
MinimumVisualStudioVersion = 10.0.40219.1
Project("{FAE04EC0-301F-11D3-BF4B-00C04F79EFBC}") = "University Faculty Performance", "University Faculty Performance.csproj", "{21D13C97-85ED-40F1-87ED-25DAB14AB556}"
EndProject
Global
	GlobalSection(SolutionConfigurationPlatforms) = preSolution
		Debug|Any CPU = Debug|Any CPU
		Release|Any CPU = Release|Any CPU
	EndGlobalSection
	GlobalSection(ProjectConfigurationPlatforms) = postSolution
		{21D13C97-85ED-40F1-87ED-25DAB14AB556}.Debug|Any CPU.ActiveCfg = Debug|Any CPU
		{21D13C97-85ED-40F1-87ED-25DAB14AB556}.Debug|Any CPU.Build.0 = Debug|Any CPU
		{21D13C97-85ED-40F1-87ED-25DAB14AB556}.Release|Any CPU.ActiveCfg = Release|Any CPU
		{21D13C97-85ED-40F1-87ED-25DAB14AB556}.Release|Any CPU.Build.0 = Release|Any CPU
	EndGlobalSection
	GlobalSection(SolutionProperties) = preSolution
		HideSolutionNode = FALSE
	EndGlobalSection
	GlobalSection(ExtensibilityGlobals) = postSolution
		SolutionGuid = {08B7B7C8-414E-44D2-91A7-9A38F2A3F223}
	EndGlobalSection
EndGlobal
